{
  "name": "homeroom-trace-cloudbase",
  "lockfileVersion": 3,
  "requires": true,
  "packages": {
    "": {
      "name": "homeroom-trace-cloudbase",
      "devDependencies": {
        "@cloudbase/cli": "^2.7.9"
      }
    },
    "node_modules/@cloudbase/cli": {
      "version": "2.12.10",
      "resolved": "https://registry.npmjs.org/@cloudbase/cli/-/cli-2.12.10.tgz",
      "integrity": "sha512-VvybXDOH4RTZul8EuPxrya4bV5/2SQzF8MjS7eERP44iqr8e3WwSVYsTTpH1a/CTvCPuT4s7KY37MkTsgvqeeQ==",
      "dev": true,
      "license": "ISC",
      "bin": {
        "cloudbase": "bin/cloudbase",
        "cloudbase-mcp": "bin/cloudbase-mcp",
        "tcb": "bin/tcb"
      }
    }
  }
}
